
Microsoft Visual Studio Solution File, Format Version 12.00
# Visual Studio Version 16
VisualStudioVersion = 16.0.29728.190
MinimumVisualStudioVersion = 10.0.40219.1
Project("{FAE04EC0-301F-11D3-BF4B-00C04F79EFBC}") = "WebAPITest01", "WebAPITest01\WebAPITest01.csproj", "{84FF86A0-4479-466F-B64B-7AB1FD02E0ED}"
EndProject
Global
	GlobalSection(SolutionConfigurationPlatforms) = preSolution
		Debug|Any CPU = Debug|Any CPU
		Release|Any CPU = Release|Any CPU
	EndGlobalSection
	GlobalSection(ProjectConfigurationPlatforms) = postSolution
		{84FF86A0-4479-466F-B64B-7AB1FD02E0ED}.Debug|Any CPU.ActiveCfg = Debug|Any CPU
		{84FF86A0-4479-466F-B64B-7AB1FD02E0ED}.Debug|Any CPU.Build.0 = Debug|Any CPU
		{84FF86A0-4479-466F-B64B-7AB1FD02E0ED}.Release|Any CPU.ActiveCfg = Release|Any CPU
		{84FF86A0-4479-466F-B64B-7AB1FD02E0ED}.Release|Any CPU.Build.0 = Release|Any CPU
	EndGlobalSection
	GlobalSection(SolutionProperties) = preSolution
		HideSolutionNode = FALSE
	EndGlobalSection
	GlobalSection(ExtensibilityGlobals) = postSolution
		SolutionGuid = {51094957-454F-4C32-90B2-DC6915F22C2A}
	EndGlobalSection
EndGlobal
